// !$*UTF8*$!
{
	archiveVersion = 1;
	classes = {
	};
	objectVersion = 46;
	objects = {

/* Begin PBXBuildFile section */
		FD038DB6194301E600D34215 /* main.m in Sources */ = {isa = PBXBuildFile; fileRef = FD038DB5194301E600D34215 /* main.m */; };
		FD038DB9194301E600D34215 /* AppDelegate.m in Sources */ = {isa = PBXBuildFile; fileRef = FD038DB8194301E600D34215 /* AppDelegate.m */; };
		FD038DBC194301E600D34215 /* RescueMeViewController.m in Sources */ = {isa = PBXBuildFile; fileRef = FD038DBB194301E600D34215 /* RescueMeViewController.m */; };
		FD038DBF194301E700D34215 /* Main.storyboard in Resources */ = {isa = PBXBuildFile; fileRef = FD038DBD194301E700D34215 /* Main.storyboard */; };
		FD038DC1194301E700D34215 /* Images.xcassets in Resources */ = {isa = PBXBuildFile; fileRef = FD038DC0194301E700D34215 /* Images.xcassets */; };
		FD038DCD194301E700D34215 /* RescueMeTests.m in Sources */ = {isa = PBXBuildFile; fileRef = FD038DCC194301E700D34215 /* RescueMeTests.m */; };
		FD038DD71943022300D34215 /* MessageUI.framework in Frameworks */ = {isa = PBXBuildFile; fileRef = FD038DD61943022300D34215 /* MessageUI.framework */; };
		FD038DD91943022A00D34215 /* MapKit.framework in Frameworks */ = {isa = PBXBuildFile; fileRef = FD038DD81943022A00D34215 /* MapKit.framework */; };
		FD038DDB1943023200D34215 /* CoreLocation.framework in Frameworks */ = {isa = PBXBuildFile; fileRef = FD038DDA1943023200D34215 /* CoreLocation.framework */; };
		FD038DDD1943024700D34215 /* Foundation.framework in Frameworks */ = {isa = PBXBuildFile; fileRef = FD038DDC1943024700D34215 /* Foundation.framework */; };
		FD038DE0194302AA00D34215 /* RescueMe.m in Sources */ = {isa = PBXBuildFile; fileRef = FD038DDF194302AA00D34215 /* RescueMe.m */; };
/* End PBXBuildFile section */

/* Begin PBXContainerItemProxy section */
		FD038DC7194301E700D34215 /* PBXContainerItemProxy */ = {
			isa = PBXContainerItemProxy;
			containerPortal = FD038DA8194301E600D34215 /* Project object */;
			proxyType = 1;
			remoteGlobalIDString = FD038DAF194301E600D34215;
			remoteInfo = RescueMe;
		};
/* End PBXContainerItemProxy section */

/* Begin PBXFileReference section */
		FD038DB0194301E600D34215 /* RescueMe.app */ = {isa = PBXFileReference; explicitFileType = wrapper.application; includeInIndex = 0; path = RescueMe.app; sourceTree = BUILT_PRODUCTS_DIR; };
		FD038DB4194301E600D34215 /* Info.plist */ = {isa = PBXFileReference; lastKnownFileType = text.plist.xml; path = Info.plist; sourceTree = "<group>"; };
		FD038DB5194301E600D34215 /* main.m */ = {isa = PBXFileReference; lastKnownFileType = sourcecode.c.objc; path = main.m; sourceTree = "<group>"; };
		FD038DB7194301E600D34215 /* AppDelegate.h */ = {isa = PBXFileReference; lastKnownFileType = sourcecode.c.h; path = AppDelegate.h; sourceTree = "<group>"; };
		FD038DB8194301E600D34215 /* AppDelegate.m */ = {isa = PBXFileReference; lastKnownFileType = sourcecode.c.objc; path = AppDelegate.m; sourceTree = "<group>"; };
		FD038DBA194301E600D34215 /* RescueMeViewController.h */ = {isa = PBXFileReference; lastKnownFileType = sourcecode.c.h; path = RescueMeViewController.h; sourceTree = "<group>"; };
		FD038DBB194301E600D34215 /* RescueMeViewController.m */ = {isa = PBXFileReference; lastKnownFileType = sourcecode.c.objc; path = RescueMeViewController.m; sourceTree = "<group>"; };
		FD038DBE194301E700D34215 /* Base */ = {isa = PBXFileReference; lastKnownFileType = file.storyboard; name = Base; path = Base.lproj/Main.storyboard; sourceTree = "<group>"; };
		FD038DC0194301E700D34215 /* Images.xcassets */ = {isa = PBXFileReference; lastKnownFileType = folder.assetcatalog; path = Images.xcassets; sourceTree = "<group>"; };
		FD038DC6194301E700D34215 /* RescueMeTests.xctest */ = {isa = PBXFileReference; explicitFileType = wrapper.cfbundle; includeInIndex = 0; path = RescueMeTests.xctest; sourceTree = BUILT_PRODUCTS_DIR; };
		FD038DCB194301E700D34215 /* Info.plist */ = {isa = PBXFileReference; lastKnownFileType = text.plist.xml; path = Info.plist; sourceTree = "<group>"; };
		FD038DCC194301E700D34215 /* RescueMeTests.m */ = {isa = PBXFileReference; lastKnownFileType = sourcecode.c.objc; path = RescueMeTests.m; sourceTree = "<group>"; };
		FD038DD61943022300D34215 /* MessageUI.framework */ = {isa = PBXFileReference; lastKnownFileType = wrapper.framework; name = MessageUI.framework; path = System/Library/Frameworks/MessageUI.framework; sourceTree = SDKROOT; };
		FD038DD81943022A00D34215 /* MapKit.framework */ = {isa = PBXFileReference; lastKnownFileType = wrapper.framework; name = MapKit.framework; path = System/Library/Frameworks/MapKit.framework; sourceTree = SDKROOT; };
		FD038DDA1943023200D34215 /* CoreLocation.framework */ = {isa = PBXFileReference; lastKnownFileType = wrapper.framework; name = CoreLocation.framework; path = System/Library/Frameworks/CoreLocation.framework; sourceTree = SDKROOT; };
		FD038DDC1943024700D34215 /* Foundation.framework */ = {isa = PBXFileReference; lastKnownFileType = wrapper.framework; name = Foundation.framework; path = System/Library/Frameworks/Foundation.framework; sourceTree = SDKROOT; };
		FD038DDE194302AA00D34215 /* RescueMe.h */ = {isa = PBXFileReference; fileEncoding = 4; lastKnownFileType = sourcecode.c.h; path = RescueMe.h; sourceTree = "<group>"; };
		FD038DDF194302AA00D34215 /* RescueMe.m */ = {isa = PBXFileReference; fileEncoding = 4; lastKnownFileType = sourcecode.c.objc; path = RescueMe.m; sourceTree = "<group>"; };
/* End PBXFileReference section */

/* Begin PBXFrameworksBuildPhase section */
		FD038DAD194301E600D34215 /* Frameworks */ = {
			isa = PBXFrameworksBuildPhase;
			buildActionMask = 2147483647;
			files = (
				FD038DDD1943024700D34215 /* Foundation.framework in Frameworks */,
				FD038DDB1943023200D34215 /* CoreLocation.framework in Frameworks */,
				FD038DD91943022A00D34215 /* MapKit.framework in Frameworks */,
				FD038DD71943022300D34215 /* MessageUI.framework in Frameworks */,
			);
			runOnlyForDeploymentPostprocessing = 0;
		};
		FD038DC3194301E700D34215 /* Frameworks */ = {
			isa = PBXFrameworksBuildPhase;
			buildActionMask = 2147483647;
			files = (
			);
			runOnlyForDeploymentPostprocessing = 0;
		};
/* End PBXFrameworksBuildPhase section */

/* Begin PBXGroup section */
		FD038DA7194301E600D34215 = {
			isa = PBXGroup;
			children = (
				FD038DDC1943024700D34215 /* Foundation.framework */,
				FD038DDA1943023200D34215 /* CoreLocation.framework */,
				FD038DD81943022A00D34215 /* MapKit.framework */,
				FD038DD61943022300D34215 /* MessageUI.framework */,
				FD038DB2194301E600D34215 /* RescueMe */,
				FD038DC9194301E700D34215 /* RescueMeTests */,
				FD038DB1194301E600D34215 /* Products */,
			);
			sourceTree = "<group>";
		};
		FD038DB1194301E600D34215 /* Products */ = {
			isa = PBXGroup;
			children = (
				FD038DB0194301E600D34215 /* RescueMe.app */,
				FD038DC6194301E700D34215 /* RescueMeTests.xctest */,
			);
			name = Products;
			sourceTree = "<group>";
		};
		FD038DB2194301E600D34215 /* RescueMe */ = {
			isa = PBXGroup;
			children = (
				FD038DDE194302AA00D34215 /* RescueMe.h */,
				FD038DDF194302AA00D34215 /* RescueMe.m */,
				FD038DB7194301E600D34215 /* AppDelegate.h */,
				FD038DB8194301E600D34215 /* AppDelegate.m */,
				FD038DBA194301E600D34215 /* RescueMeViewController.h */,
				FD038DBB194301E600D34215 /* RescueMeViewController.m */,
				FD038DBD194301E700D34215 /* Main.storyboard */,
				FD038DC0194301E700D34215 /* Images.xcassets */,
				FD038DB3194301E600D34215 /* Supporting Files */,
			);
			path = RescueMe;
			sourceTree = "<group>";
		};
		FD038DB3194301E600D34215 /* Supporting Files */ = {
			isa = PBXGroup;
			children = (
				FD038DB4194301E600D34215 /* Info.plist */,
				FD038DB5194301E600D34215 /* main.m */,
			);
			name = "Supporting Files";
			sourceTree = "<group>";
		};
		FD038DC9194301E700D34215 /* RescueMeTests */ = {
			isa = PBXGroup;
			children = (
				FD038DCC194301E700D34215 /* RescueMeTests.m */,
				FD038DCA194301E700D34215 /* Supporting Files */,
			);
			path = RescueMeTests;
			sourceTree = "<group>";
		};
		FD038DCA194301E700D34215 /* Supporting Files */ = {
			isa = PBXGroup;
			children = (
				FD038DCB194301E700D34215 /* Info.plist */,
			);
			name = "Supporting Files";
			sourceTree = "<group>";
		};
/* End PBXGroup section */

/* Begin PBXNativeTarget section */
		FD038DAF194301E600D34215 /* RescueMe */ = {
			isa = PBXNativeTarget;
			buildConfigurationList = FD038DD0194301E700D34215 /* Build configuration list for PBXNativeTarget "RescueMe" */;
			buildPhases = (
				FD038DAC194301E600D34215 /* Sources */,
				FD038DAD194301E600D34215 /* Frameworks */,
				FD038DAE194301E600D34215 /* Resources */,
			);
			buildRules = (
			);
			dependencies = (
			);
			name = RescueMe;
			productName = RescueMe;
			productReference = FD038DB0194301E600D34215 /* RescueMe.app */;
			productType = "com.apple.product-type.application";
		};
		FD038DC5194301E700D34215 /* RescueMeTests */ = {
			isa = PBXNativeTarget;
			buildConfigurationList = FD038DD3194301E700D34215 /* Build configuration list for PBXNativeTarget "RescueMeTests" */;
			buildPhases = (
				FD038DC2194301E700D34215 /* Sources */,
				FD038DC3194301E700D34215 /* Frameworks */,
				FD038DC4194301E700D34215 /* Resources */,
			);
			buildRules = (
			);
			dependencies = (
				FD038DC8194301E700D34215 /* PBXTargetDependency */,
			);
			name = RescueMeTests;
			productName = RescueMeTests;
			productReference = FD038DC6194301E700D34215 /* RescueMeTests.xctest */;
			productType = "com.apple.product-type.bundle.unit-test";
		};
/* End PBXNativeTarget section */

/* Begin PBXProject section */
		FD038DA8194301E600D34215 /* Project object */ = {
			isa = PBXProject;
			attributes = {
				LastUpgradeCheck = 0600;
				ORGANIZATIONNAME = "Ahmad Samra";
				TargetAttributes = {
					FD038DAF194301E600D34215 = {
						CreatedOnToolsVersion = 6.0;
					};
					FD038DC5194301E700D34215 = {
						CreatedOnToolsVersion = 6.0;
						TestTargetID = FD038DAF194301E600D34215;
					};
				};
			};
			buildConfigurationList = FD038DAB194301E600D34215 /* Build configuration list for PBXProject "RescueMe" */;
			compatibilityVersion = "Xcode 3.2";
			developmentRegion = English;
			hasScannedForEncodings = 0;
			knownRegions = (
				en,
				Base,
			);
			mainGroup = FD038DA7194301E600D34215;
			productRefGroup = FD038DB1194301E600D34215 /* Products */;
			projectDirPath = "";
			projectRoot = "";
			targets = (
				FD038DAF194301E600D34215 /* RescueMe */,
				FD038DC5194301E700D34215 /* RescueMeTests */,
			);
		};
/* End PBXProject section */

/* Begin PBXResourcesBuildPhase section */
		FD038DAE194301E600D34215 /* Resources */ = {
			isa = PBXResourcesBuildPhase;
			buildActionMask = 2147483647;
			files = (
				FD038DBF194301E700D34215 /* Main.storyboard in Resources */,
				FD038DC1194301E700D34215 /* Images.xcassets in Resources */,
			);
			runOnlyForDeploymentPostprocessing = 0;
		};
		FD038DC4194301E700D34215 /* Resources */ = {
			isa = PBXResourcesBuildPhase;
			buildActionMask = 2147483647;
			files = (
			);
			runOnlyForDeploymentPostprocessing = 0;
		};
/* End PBXResourcesBuildPhase section */

/* Begin PBXSourcesBuildPhase section */
		FD038DAC194301E600D34215 /* Sources */ = {
			isa = PBXSourcesBuildPhase;
			buildActionMask = 2147483647;
			files = (
				FD038DBC194301E600D34215 /* RescueMeViewController.m in Sources */,
				FD038DB9194301E600D34215 /* AppDelegate.m in Sources */,
				FD038DE0194302AA00D34215 /* RescueMe.m in Sources */,
				FD038DB6194301E600D34215 /* main.m in Sources */,
			);
			runOnlyForDeploymentPostprocessing = 0;
		};
		FD038DC2194301E700D34215 /* Sources */ = {
			isa = PBXSourcesBuildPhase;
			buildActionMask = 2147483647;
			files = (
				FD038DCD194301E700D34215 /* RescueMeTests.m in Sources */,
			);
			runOnlyForDeploymentPostprocessing = 0;
		};
/* End PBXSourcesBuildPhase section */

/* Begin PBXTargetDependency section */
		FD038DC8194301E700D34215 /* PBXTargetDependency */ = {
			isa = PBXTargetDependency;
			target = FD038DAF194301E600D34215 /* RescueMe */;
			targetProxy = FD038DC7194301E700D34215 /* PBXContainerItemProxy */;
		};
/* End PBXTargetDependency section */

/* Begin PBXVariantGroup section */
		FD038DBD194301E700D34215 /* Main.storyboard */ = {
			isa = PBXVariantGroup;
			children = (
				FD038DBE194301E700D34215 /* Base */,
			);
			name = Main.storyboard;
			sourceTree = "<group>";
		};
/* End PBXVariantGroup section */

/* Begin XCBuildConfiguration section */
		FD038DCE194301E700D34215 /* Debug */ = {
			isa = XCBuildConfiguration;
			buildSettings = {
				ALWAYS_SEARCH_USER_PATHS = NO;
				CLANG_CXX_LANGUAGE_STANDARD = "gnu++0x";
				CLANG_CXX_LIBRARY = "libc++";
				CLANG_ENABLE_MODULES = YES;
				CLANG_ENABLE_OBJC_ARC = YES;
				CLANG_WARN_BOOL_CONVERSION = YES;
				CLANG_WARN_CONSTANT_CONVERSION = YES;
				CLANG_WARN_DIRECT_OBJC_ISA_USAGE = YES_ERROR;
				CLANG_WARN_EMPTY_BODY = YES;
				CLANG_WARN_ENUM_CONVERSION = YES;
				CLANG_WARN_INT_CONVERSION = YES;
				CLANG_WARN_OBJC_ROOT_CLASS = YES_ERROR;
				CLANG_WARN_UNREACHABLE_CODE = YES;
				CLANG_WARN__DUPLICATE_METHOD_MATCH = YES;
				"CODE_SIGN_IDENTITY[sdk=iphoneos*]" = "iPhone Developer";
				COPY_PHASE_STRIP = NO;
				ENABLE_STRICT_OBJC_MSGSEND = YES;
				GCC_C_LANGUAGE_STANDARD = gnu99;
				GCC_DYNAMIC_NO_PIC = NO;
				GCC_OPTIMIZATION_LEVEL = 0;
				GCC_PREPROCESSOR_DEFINITIONS = (
					"DEBUG=1",
					"$(inherited)",
				);
				GCC_SYMBOLS_PRIVATE_EXTERN = NO;
				GCC_WARN_64_TO_32_BIT_CONVERSION = YES;
				GCC_WARN_ABOUT_RETURN_TYPE = YES_ERROR;
				GCC_WARN_UNDECLARED_SELECTOR = YES;
				GCC_WARN_UNINITIALIZED_AUTOS = YES_AGGRESSIVE;
				GCC_WARN_UNUSED_FUNCTION = YES;
				GCC_WARN_UNUSED_VARIABLE = YES;
				IPHONEOS_DEPLOYMENT_TARGET = 8.0;
				METAL_ENABLE_DEBUG_INFO = YES;
				ONLY_ACTIVE_ARCH = YES;
				SDKROOT = iphoneos;
			};
			name = Debug;
		};
		FD038DCF194301E700D34215 /* Release */ = {
			isa = XCBuildConfiguration;
			buildSettings = {
				ALWAYS_SEARCH_USER_PATHS = NO;
				CLANG_CXX_LANGUAGE_STANDARD = "gnu++0x";
				CLANG_CXX_LIBRARY = "libc++";
				CLANG_ENABLE_MODULES = YES;
				CLANG_ENABLE_OBJC_ARC = YES;
				CLANG_WARN_BOOL_CONVERSION = YES;
				CLANG_WARN_CONSTANT_CONVERSION = YES;
				CLANG_WARN_DIRECT_OBJC_ISA_USAGE = YES_ERROR;
				CLANG_WARN_EMPTY_BODY = YES;
				CLANG_WARN_ENUM_CONVERSION = YES;
				CLANG_WARN_INT_CONVERSION = YES;
				CLANG_WARN_OBJC_ROOT_CLASS = YES_ERROR;
				CLANG_WARN_UNREACHABLE_CODE = YES;
				CLANG_WARN__DUPLICATE_METHOD_MATCH = YES;
				"CODE_SIGN_IDENTITY[sdk=iphoneos*]" = "iPhone Developer";
				COPY_PHASE_STRIP = YES;
				ENABLE_NS_ASSERTIONS = NO;
				ENABLE_STRICT_OBJC_MSGSEND = YES;
				GCC_C_LANGUAGE_STANDARD = gnu99;
				GCC_WARN_64_TO_32_BIT_CONVERSION = YES;
				GCC_WARN_ABOUT_RETURN_TYPE = YES_ERROR;
				GCC_WARN_UNDECLARED_SELECTOR = YES;
				GCC_WARN_UNINITIALIZED_AUTOS = YES_AGGRESSIVE;
				GCC_WARN_UNUSED_FUNCTION = YES;
				GCC_WARN_UNUSED_VARIABLE = YES;
				IPHONEOS_DEPLOYMENT_TARGET = 8.0;
				METAL_ENABLE_DEBUG_INFO = NO;
				SDKROOT = iphoneos;
				VALIDATE_PRODUCT = YES;
			};
			name = Release;
		};
		FD038DD1194301E700D34215 /* Debug */ = {
			isa = XCBuildConfiguration;
			buildSettings = {
				ASSETCATALOG_COMPILER_APPICON_NAME = AppIcon;
				ASSETCATALOG_COMPILER_LAUNCHIMAGE_NAME = LaunchImage;
				INFOPLIST_FILE = RescueMe/Info.plist;
				LD_RUNPATH_SEARCH_PATHS = "$(inherited) @executable_path/Frameworks";
				PRODUCT_NAME = "$(TARGET_NAME)";
			};
			name = Debug;
		};
		FD038DD2194301E700D34215 /* Release */ = {
			isa = XCBuildConfiguration;
			buildSettings = {
				ASSETCATALOG_COMPILER_APPICON_NAME = AppIcon;
				ASSETCATALOG_COMPILER_LAUNCHIMAGE_NAME = LaunchImage;
				INFOPLIST_FILE = RescueMe/Info.plist;
				LD_RUNPATH_SEARCH_PATHS = "$(inherited) @executable_path/Frameworks";
				PRODUCT_NAME = "$(TARGET_NAME)";
			};
			name = Release;
		};
		FD038DD4194301E700D34215 /* Debug */ = {
			isa = XCBuildConfiguration;
			buildSettings = {
				BUNDLE_LOADER = "$(BUILT_PRODUCTS_DIR)/RescueMe.app/RescueMe";
				FRAMEWORK_SEARCH_PATHS = (
					"$(SDKROOT)/Developer/Library/Frameworks",
					"$(inherited)",
				);
				GCC_PREPROCESSOR_DEFINITIONS = (
					"DEBUG=1",
					"$(inherited)",
				);
				INFOPLIST_FILE = RescueMeTests/Info.plist;
				LD_RUNPATH_SEARCH_PATHS = "$(inherited) @executable_path/Frameworks @loader_path/Frameworks";
				METAL_ENABLE_DEBUG_INFO = YES;
				PRODUCT_NAME = "$(TARGET_NAME)";
				TEST_HOST = "$(BUNDLE_LOADER)";
			};
			name = Debug;
		};
		FD038DD5194301E700D34215 /* Release */ = {
			isa = XCBuildConfiguration;
			buildSettings = {
				BUNDLE_LOADER = "$(BUILT_PRODUCTS_DIR)/RescueMe.app/RescueMe";
				FRAMEWORK_SEARCH_PATHS = (
					"$(SDKROOT)/Developer/Library/Frameworks",
					"$(inherited)",
				);
				INFOPLIST_FILE = RescueMeTests/Info.plist;
				LD_RUNPATH_SEARCH_PATHS = "$(inherited) @executable_path/Frameworks @loader_path/Frameworks";
				METAL_ENABLE_DEBUG_INFO = NO;
				PRODUCT_NAME = "$(TARGET_NAME)";
				TEST_HOST = "$(BUNDLE_LOADER)";
			};
			name = Release;
		};
/* End XCBuildConfiguration section */

/* Begin XCConfigurationList section */
		FD038DAB194301E600D34215 /* Build configuration list for PBXProject "RescueMe" */ = {
			isa = XCConfigurationList;
			buildConfigurations = (
				FD038DCE194301E700D34215 /* Debug */,
				FD038DCF194301E700D34215 /* Release */,
			);
			defaultConfigurationIsVisible = 0;
			defaultConfigurationName = Release;
		};
		FD038DD0194301E700D34215 /* Build configuration list for PBXNativeTarget "RescueMe" */ = {
			isa = XCConfigurationList;
			buildConfigurations = (
				FD038DD1194301E700D34215 /* Debug */,
				FD038DD2194301E700D34215 /* Release */,
			);
			defaultConfigurationIsVisible = 0;
		};
		FD038DD3194301E700D34215 /* Build configuration list for PBXNativeTarget "RescueMeTests" */ = {
			isa = XCConfigurationList;
			buildConfigurations = (
				FD038DD4194301E700D34215 /* Debug */,
				FD038DD5194301E700D34215 /* Release */,
			);
			defaultConfigurationIsVisible = 0;
		};
/* End XCConfigurationList section */
	};
	rootObject = FD038DA8194301E600D34215 /* Project object */;
}
